
Microsoft Visual Studio Solution File, Format Version 12.00
# Visual Studio Version 17
VisualStudioVersion = 17.5.33516.290
MinimumVisualStudioVersion = 10.0.40219.1
Project("{FAE04EC0-301F-11D3-BF4B-00C04F79EFBC}") = "WinFormsApp5", "WinFormsApp5\WinFormsApp5.csproj", "{7C42E7CC-4946-4118-A055-2822424DD7DA}"
EndProject
Global
	GlobalSection(SolutionConfigurationPlatforms) = preSolution
		Debug|Any CPU = Debug|Any CPU
		Release|Any CPU = Release|Any CPU
	EndGlobalSection
	GlobalSection(ProjectConfigurationPlatforms) = postSolution
		{7C42E7CC-4946-4118-A055-2822424DD7DA}.Debug|Any CPU.ActiveCfg = Debug|Any CPU
		{7C42E7CC-4946-4118-A055-2822424DD7DA}.Debug|Any CPU.Build.0 = Debug|Any CPU
		{7C42E7CC-4946-4118-A055-2822424DD7DA}.Release|Any CPU.ActiveCfg = Release|Any CPU
		{7C42E7CC-4946-4118-A055-2822424DD7DA}.Release|Any CPU.Build.0 = Release|Any CPU
	EndGlobalSection
	GlobalSection(SolutionProperties) = preSolution
		HideSolutionNode = FALSE
	EndGlobalSection
	GlobalSection(ExtensibilityGlobals) = postSolution
		SolutionGuid = {FB740582-C1B7-4386-A5F2-587CAEE1EEDA}
	EndGlobalSection
EndGlobal
